<?xml version="1.0" encoding="utf-8"?>
<Project ToolsVersion="4.0" xmlns="http://schemas.microsoft.com/developer/msbuild/2003">
  <ItemGroup>
    <Filter Include="Исходные файлы">
      <UniqueIdentifier>{4FC737F1-C7A5-4376-A066-2A32D752A2FF}</UniqueIdentifier>
      <Extensions>cpp;c;cc;cxx;c++;def;odl;idl;hpj;bat;asm;asmx</Extensions>
    </Filter>
    <Filter Include="Файлы заголовков">
      <UniqueIdentifier>{93995380-89BD-4b04-88EB-625FBE52EBFB}</UniqueIdentifier>
      <Extensions>h;hh;hpp;hxx;h++;hm;inl;inc;ipp;xsd</Extensions>
    </Filter>
    <Filter Include="Файлы ресурсов">
      <UniqueIdentifier>{67DA6AB6-F800-4c08-8B7A-83BB121AAD01}</UniqueIdentifier>
      <Extensions>rc;ico;cur;bmp;dlg;rc2;rct;bin;rgs;gif;jpg;jpeg;jpe;resx;tiff;tif;png;wav;mfcribbon-ms</Extensions>
    </Filter>
  </ItemGroup>
  <ItemGroup>
    <ClCompile Include="main.cpp">
      <Filter>Файлы заголовков</Filter>
    </ClCompile>
    <ClCompile Include="source\lua\lapi.c">
      <Filter>Исходные файлы</Filter>
    </ClCompile>
    <ClCompile Include="source\lua\lauxlib.c">
      <Filter>Исходные файлы</Filter>
    </ClCompile>
    <ClCompile Include="source\lua\lbaselib.c">
      <Filter>Исходные файлы</Filter>
    </ClCompile>
    <ClCompile Include="source\lua\lcode.c">
      <Filter>Исходные файлы</Filter>
    </ClCompile>
    <ClCompile Include="source\lua\lcorolib.c">
      <Filter>Исходные файлы</Filter>
    </ClCompile>
    <ClCompile Include="source\lua\lctype.c">
      <Filter>Исходные файлы</Filter>
    </ClCompile>
    <ClCompile Include="source\lua\ldblib.c">
      <Filter>Исходные файлы</Filter>
    </ClCompile>
    <ClCompile Include="source\lua\ldebug.c">
      <Filter>Исходные файлы</Filter>
    </ClCompile>
    <ClCompile Include="source\lua\ldo.c">
      <Filter>Исходные файлы</Filter>
    </ClCompile>
    <ClCompile Include="source\lua\ldump.c">
      <Filter>Исходные файлы</Filter>
    </ClCompile>
    <ClCompile Include="source\lua\lfunc.c">
      <Filter>Исходные файлы</Filter>
    </ClCompile>
    <ClCompile Include="source\lua\lgc.c">
      <Filter>Исходные файлы</Filter>
    </ClCompile>
    <ClCompile Include="source\lua\linit.c">
      <Filter>Исходные файлы</Filter>
    </ClCompile>
    <ClCompile Include="source\lua\liolib.c">
      <Filter>Исходные файлы</Filter>
    </ClCompile>
    <ClCompile Include="source\lua\llex.c">
      <Filter>Исходные файлы</Filter>
    </ClCompile>
    <ClCompile Include="source\lua\lmathlib.c">
      <Filter>Исходные файлы</Filter>
    </ClCompile>
    <ClCompile Include="source\lua\lmem.c">
      <Filter>Исходные файлы</Filter>
    </ClCompile>
    <ClCompile Include="source\lua\loadlib.c">
      <Filter>Исходные файлы</Filter>
    </ClCompile>
    <ClCompile Include="source\lua\lobject.c">
      <Filter>Исходные файлы</Filter>
    </ClCompile>
    <ClCompile Include="source\lua\lopcodes.c">
      <Filter>Исходные файлы</Filter>
    </ClCompile>
    <ClCompile Include="source\lua\loslib.c">
      <Filter>Исходные файлы</Filter>
    </ClCompile>
    <ClCompile Include="source\lua\lparser.c">
      <Filter>Исходные файлы</Filter>
    </ClCompile>
    <ClCompile Include="source\lua\lstate.c">
      <Filter>Исходные файлы</Filter>
    </ClCompile>
    <ClCompile Include="source\lua\lstring.c">
      <Filter>Исходные файлы</Filter>
    </ClCompile>
    <ClCompile Include="source\lua\lstrlib.c">
      <Filter>Исходные файлы</Filter>
    </ClCompile>
    <ClCompile Include="source\lua\ltable.c">
      <Filter>Исходные файлы</Filter>
    </ClCompile>
    <ClCompile Include="source\lua\ltablib.c">
      <Filter>Исходные файлы</Filter>
    </ClCompile>
    <ClCompile Include="source\lua\ltm.c">
      <Filter>Исходные файлы</Filter>
    </ClCompile>
    <ClCompile Include="source\lua\lua.c">
      <Filter>Исходные файлы</Filter>
    </ClCompile>
    <ClCompile Include="source\lua\luac.c">
      <Filter>Исходные файлы</Filter>
    </ClCompile>
    <ClCompile Include="source\lua\lundump.c">
      <Filter>Исходные файлы</Filter>
    </ClCompile>
    <ClCompile Include="source\lua\lutf8lib.c">
      <Filter>Исходные файлы</Filter>
    </ClCompile>
    <ClCompile Include="source\lua\lvm.c">
      <Filter>Исходные файлы</Filter>
    </ClCompile>
    <ClCompile Include="source\lua\lzio.c">
      <Filter>Исходные файлы</Filter>
    </ClCompile>
    <ClCompile Include="source\tinyxml2\tinyxml2.cpp">
      <Filter>Исходные файлы</Filter>
    </ClCompile>
    <ClCompile Include="source\core\lua_engine.cpp">
      <Filter>Исходные файлы</Filter>
    </ClCompile>
    <ClCompile Include="source\core\core.cpp">
      <Filter>Исходные файлы</Filter>
    </ClCompile>
    <ClCompile Include="source\core\object.cpp">
      <Filter>Исходные файлы</Filter>
    </ClCompile>
    <ClCompile Include="source\imgui\imgui.cpp">
      <Filter>Исходные файлы</Filter>
    </ClCompile>
    <ClCompile Include="source\imgui\imgui_demo.cpp">
      <Filter>Исходные файлы</Filter>
    </ClCompile>
    <ClCompile Include="source\imgui\imgui_draw.cpp">
      <Filter>Исходные файлы</Filter>
    </ClCompile>
    <ClCompile Include="source\imgui\imgui_widgets.cpp">
      <Filter>Исходные файлы</Filter>
    </ClCompile>
    <ClCompile Include="source\imgui\imgui-SFML.cpp">
      <Filter>Исходные файлы</Filter>
    </ClCompile>
    <ClCompile Include="source\core\imgui_engine.cpp">
      <Filter>Исходные файлы</Filter>
    </ClCompile>
    <ClCompile Include="source\core\layer.cpp">
      <Filter>Исходные файлы</Filter>
    </ClCompile>
    <ClCompile Include="source\core\level.cpp">
      <Filter>Исходные файлы</Filter>
    </ClCompile>
    <ClCompile Include="source\core\component.cpp">
      <Filter>Исходные файлы</Filter>
    </ClCompile>
    <ClCompile Include="source\core\window.cpp">
      <Filter>Исходные файлы</Filter>
    </ClCompile>
  </ItemGroup>
  <ItemGroup>
    <ClInclude Include="source\lua\lapi.h">
      <Filter>Файлы заголовков</Filter>
    </ClInclude>
    <ClInclude Include="source\lua\lauxlib.h">
      <Filter>Файлы заголовков</Filter>
    </ClInclude>
    <ClInclude Include="source\lua\lcode.h">
      <Filter>Файлы заголовков</Filter>
    </ClInclude>
    <ClInclude Include="source\lua\lctype.h">
      <Filter>Файлы заголовков</Filter>
    </ClInclude>
    <ClInclude Include="source\lua\ldebug.h">
      <Filter>Файлы заголовков</Filter>
    </ClInclude>
    <ClInclude Include="source\lua\ldo.h">
      <Filter>Файлы заголовков</Filter>
    </ClInclude>
    <ClInclude Include="source\lua\lfunc.h">
      <Filter>Файлы заголовков</Filter>
    </ClInclude>
    <ClInclude Include="source\lua\lgc.h">
      <Filter>Файлы заголовков</Filter>
    </ClInclude>
    <ClInclude Include="source\lua\ljumptab.h">
      <Filter>Файлы заголовков</Filter>
    </ClInclude>
    <ClInclude Include="source\lua\llex.h">
      <Filter>Файлы заголовков</Filter>
    </ClInclude>
    <ClInclude Include="source\lua\llimits.h">
      <Filter>Файлы заголовков</Filter>
    </ClInclude>
    <ClInclude Include="source\lua\lmem.h">
      <Filter>Файлы заголовков</Filter>
    </ClInclude>
    <ClInclude Include="source\lua\lobject.h">
      <Filter>Файлы заголовков</Filter>
    </ClInclude>
    <ClInclude Include="source\lua\lopcodes.h">
      <Filter>Файлы заголовков</Filter>
    </ClInclude>
    <ClInclude Include="source\lua\lopnames.h">
      <Filter>Файлы заголовков</Filter>
    </ClInclude>
    <ClInclude Include="source\lua\lparser.h">
      <Filter>Файлы заголовков</Filter>
    </ClInclude>
    <ClInclude Include="source\lua\lprefix.h">
      <Filter>Файлы заголовков</Filter>
    </ClInclude>
    <ClInclude Include="source\lua\lstate.h">
      <Filter>Файлы заголовков</Filter>
    </ClInclude>
    <ClInclude Include="source\lua\lstring.h">
      <Filter>Файлы заголовков</Filter>
    </ClInclude>
    <ClInclude Include="source\lua\ltable.h">
      <Filter>Файлы заголовков</Filter>
    </ClInclude>
    <ClInclude Include="source\lua\ltm.h">
      <Filter>Файлы заголовков</Filter>
    </ClInclude>
    <ClInclude Include="source\lua\lua.h">
      <Filter>Файлы заголовков</Filter>
    </ClInclude>
    <ClInclude Include="source\lua\lua.hpp">
      <Filter>Файлы заголовков</Filter>
    </ClInclude>
    <ClInclude Include="source\lua\luaconf.h">
      <Filter>Файлы заголовков</Filter>
    </ClInclude>
    <ClInclude Include="source\lua\lualib.h">
      <Filter>Файлы заголовков</Filter>
    </ClInclude>
    <ClInclude Include="source\lua\lundump.h">
      <Filter>Файлы заголовков</Filter>
    </ClInclude>
    <ClInclude Include="source\lua\lvm.h">
      <Filter>Файлы заголовков</Filter>
    </ClInclude>
    <ClInclude Include="source\lua\lzio.h">
      <Filter>Файлы заголовков</Filter>
    </ClInclude>
    <ClInclude Include="source\luabridge\detail\CFunctions.h">
      <Filter>Файлы заголовков</Filter>
    </ClInclude>
    <ClInclude Include="source\luabridge\detail\ClassInfo.h">
      <Filter>Файлы заголовков</Filter>
    </ClInclude>
    <ClInclude Include="source\luabridge\detail\Config.h">
      <Filter>Файлы заголовков</Filter>
    </ClInclude>
    <ClInclude Include="source\luabridge\detail\Constructor.h">
      <Filter>Файлы заголовков</Filter>
    </ClInclude>
    <ClInclude Include="source\luabridge\detail\dump.h">
      <Filter>Файлы заголовков</Filter>
    </ClInclude>
    <ClInclude Include="source\luabridge\detail\FuncTraits.h">
      <Filter>Файлы заголовков</Filter>
    </ClInclude>
    <ClInclude Include="source\luabridge\detail\Iterator.h">
      <Filter>Файлы заголовков</Filter>
    </ClInclude>
    <ClInclude Include="source\luabridge\detail\LuaException.h">
      <Filter>Файлы заголовков</Filter>
    </ClInclude>
    <ClInclude Include="source\luabridge\detail\LuaHelpers.h">
      <Filter>Файлы заголовков</Filter>
    </ClInclude>
    <ClInclude Include="source\luabridge\detail\LuaRef.h">
      <Filter>Файлы заголовков</Filter>
    </ClInclude>
    <ClInclude Include="source\luabridge\detail\Namespace.h">
      <Filter>Файлы заголовков</Filter>
    </ClInclude>
    <ClInclude Include="source\luabridge\detail\Security.h">
      <Filter>Файлы заголовков</Filter>
    </ClInclude>
    <ClInclude Include="source\luabridge\detail\Stack.h">
      <Filter>Файлы заголовков</Filter>
    </ClInclude>
    <ClInclude Include="source\luabridge\detail\TypeList.h">
      <Filter>Файлы заголовков</Filter>
    </ClInclude>
    <ClInclude Include="source\luabridge\detail\TypeTraits.h">
      <Filter>Файлы заголовков</Filter>
    </ClInclude>
    <ClInclude Include="source\luabridge\detail\Userdata.h">
      <Filter>Файлы заголовков</Filter>
    </ClInclude>
    <ClInclude Include="source\luabridge\List.h">
      <Filter>Файлы заголовков</Filter>
    </ClInclude>
    <ClInclude Include="source\luabridge\LuaBridge.h">
      <Filter>Файлы заголовков</Filter>
    </ClInclude>
    <ClInclude Include="source\luabridge\Map.h">
      <Filter>Файлы заголовков</Filter>
    </ClInclude>
    <ClInclude Include="source\luabridge\RefCountedObject.h">
      <Filter>Файлы заголовков</Filter>
    </ClInclude>
    <ClInclude Include="source\luabridge\RefCountedPtr.h">
      <Filter>Файлы заголовков</Filter>
    </ClInclude>
    <ClInclude Include="source\luabridge\UnorderedMap.h">
      <Filter>Файлы заголовков</Filter>
    </ClInclude>
    <ClInclude Include="source\luabridge\Vector.h">
      <Filter>Файлы заголовков</Filter>
    </ClInclude>
    <ClInclude Include="source\tinyxml2\tinyxml2.h">
      <Filter>Файлы заголовков</Filter>
    </ClInclude>
    <ClInclude Include="source\core\lua_engine.h">
      <Filter>Файлы заголовков</Filter>
    </ClInclude>
    <ClInclude Include="source\core\core.h">
      <Filter>Файлы заголовков</Filter>
    </ClInclude>
    <ClInclude Include="source\core\object.h">
      <Filter>Файлы заголовков</Filter>
    </ClInclude>
    <ClInclude Include="source\imgui\imconfig.h">
      <Filter>Файлы заголовков</Filter>
    </ClInclude>
    <ClInclude Include="source\imgui\imconfig-SFML.h">
      <Filter>Файлы заголовков</Filter>
    </ClInclude>
    <ClInclude Include="source\imgui\imgui.h">
      <Filter>Файлы заголовков</Filter>
    </ClInclude>
    <ClInclude Include="source\imgui\imgui_internal.h">
      <Filter>Файлы заголовков</Filter>
    </ClInclude>
    <ClInclude Include="source\imgui\imgui-SFML.h">
      <Filter>Файлы заголовков</Filter>
    </ClInclude>
    <ClInclude Include="source\imgui\imgui-SFML_export.h">
      <Filter>Файлы заголовков</Filter>
    </ClInclude>
    <ClInclude Include="source\imgui\imstb_rectpack.h">
      <Filter>Файлы заголовков</Filter>
    </ClInclude>
    <ClInclude Include="source\imgui\imstb_textedit.h">
      <Filter>Файлы заголовков</Filter>
    </ClInclude>
    <ClInclude Include="source\imgui\imstb_truetype.h">
      <Filter>Файлы заголовков</Filter>
    </ClInclude>
    <ClInclude Include="source\core\imgui_engine.h">
      <Filter>Файлы заголовков</Filter>
    </ClInclude>
    <ClInclude Include="source\core\includes.h">
      <Filter>Файлы заголовков</Filter>
    </ClInclude>
    <ClInclude Include="source\core\level.h">
      <Filter>Файлы заголовков</Filter>
    </ClInclude>
    <ClInclude Include="source\core\layer.h">
      <Filter>Файлы заголовков</Filter>
    </ClInclude>
    <ClInclude Include="source\core\component.h">
      <Filter>Файлы заголовков</Filter>
    </ClInclude>
    <ClInclude Include="source\core\types.h">
      <Filter>Файлы заголовков</Filter>
    </ClInclude>
    <ClInclude Include="source\core\window.h">
      <Filter>Файлы заголовков</Filter>
    </ClInclude>
  </ItemGroup>
  <ItemGroup>
    <None Include="source\tinyxml2\.gitignore" />
    <None Include="source\tinyxml2\.travis.yml" />
    <None Include="source\tinyxml2\appveyor.yml" />
    <None Include="source\tinyxml2\biicode.conf" />
    <None Include="source\tinyxml2\cmake_uninstall.cmake.in" />
    <None Include="source\tinyxml2\Config.cmake.in" />
    <None Include="source\tinyxml2\dox" />
    <None Include="source\tinyxml2\Makefile" />
    <None Include="source\tinyxml2\premake5.lua" />
    <None Include="source\tinyxml2\readme.md" />
    <None Include="source\tinyxml2\setversion.py" />
    <None Include="source\tinyxml2\tinyxml2.pc.in" />
    <None Include="resources\scripts\main.lua" />
    <None Include="source\imgui\.appveyor.yml" />
    <None Include="source\imgui\.editorconfig" />
    <None Include="source\imgui\.gitattributes" />
    <None Include="source\imgui\.gitignore" />
    <None Include="source\imgui\.travis.yml" />
    <None Include="source\imgui\conanfile.py" />
    <None Include="source\imgui\LICENSE" />
    <None Include="source\imgui\README.md" />
  </ItemGroup>
  <ItemGroup>
    <Text Include="source\tinyxml2\CMakeLists.txt" />
    <Text Include="source\tinyxml2\LICENSE.txt" />
    <Text Include="source\imgui\CMakeLists.txt" />
    <Text Include="source\imgui\LICENSE.txt" />
  </ItemGroup>
  <ItemGroup>
    <Image Include="source\tinyxml2\TinyXML2_small.png">
      <Filter>Файлы ресурсов</Filter>
    </Image>
    <Image Include="resources\textures\test1.png">
      <Filter>Файлы ресурсов</Filter>
    </Image>
  </ItemGroup>
  <ItemGroup>
    <Xml Include="resources\configs\test.xml" />
  </ItemGroup>
</Project>